
Microsoft Visual Studio Solution File, Format Version 12.00
# Visual Studio Version 17
VisualStudioVersion = 17.7.34031.279
MinimumVisualStudioVersion = 10.0.40219.1
Project("{FAE04EC0-301F-11D3-BF4B-00C04F79EFBC}") = "uygulama 2", "uygulama 2\uygulama 2.csproj", "{CBD78245-8147-4B6F-ADDB-6114C44E074A}"
EndProject
Global
	GlobalSection(SolutionConfigurationPlatforms) = preSolution
		Debug|Any CPU = Debug|Any CPU
		Release|Any CPU = Release|Any CPU
	EndGlobalSection
	GlobalSection(ProjectConfigurationPlatforms) = postSolution
		{CBD78245-8147-4B6F-ADDB-6114C44E074A}.Debug|Any CPU.ActiveCfg = Debug|Any CPU
		{CBD78245-8147-4B6F-ADDB-6114C44E074A}.Debug|Any CPU.Build.0 = Debug|Any CPU
		{CBD78245-8147-4B6F-ADDB-6114C44E074A}.Release|Any CPU.ActiveCfg = Release|Any CPU
		{CBD78245-8147-4B6F-ADDB-6114C44E074A}.Release|Any CPU.Build.0 = Release|Any CPU
	EndGlobalSection
	GlobalSection(SolutionProperties) = preSolution
		HideSolutionNode = FALSE
	EndGlobalSection
	GlobalSection(ExtensibilityGlobals) = postSolution
		SolutionGuid = {AF17ABB4-C7AA-4236-8F30-BF5EA1E7A544}
	EndGlobalSection
EndGlobal
